// !$*UTF8*$!
{
	archiveVersion = 1;
	classes = {
	};
	objectVersion = 55;
	objects = {

/* Begin PBXBuildFile section */
		5250A45A2B07E6580011CCA3 /* AppDelegate.swift in Sources */ = {isa = PBXBuildFile; fileRef = 5250A4592B07E6580011CCA3 /* AppDelegate.swift */; };
		5250A45C2B07E6580011CCA3 /* SceneDelegate.swift in Sources */ = {isa = PBXBuildFile; fileRef = 5250A45B2B07E6580011CCA3 /* SceneDelegate.swift */; };
		5250A45E2B07E6580011CCA3 /* EpisodesViewController.swift in Sources */ = {isa = PBXBuildFile; fileRef = 5250A45D2B07E6580011CCA3 /* EpisodesViewController.swift */; };
		5250A4632B07E65A0011CCA3 /* Assets.xcassets in Resources */ = {isa = PBXBuildFile; fileRef = 5250A4622B07E65A0011CCA3 /* Assets.xcassets */; };
		5250A4662B07E65A0011CCA3 /* LaunchScreen.storyboard in Resources */ = {isa = PBXBuildFile; fileRef = 5250A4642B07E65A0011CCA3 /* LaunchScreen.storyboard */; };
		5250A46E2B07E6C50011CCA3 /* MainTabBarController.swift in Sources */ = {isa = PBXBuildFile; fileRef = 5250A46D2B07E6C50011CCA3 /* MainTabBarController.swift */; };
		5250A4702B07E8660011CCA3 /* EpisodesView.swift in Sources */ = {isa = PBXBuildFile; fileRef = 5250A46F2B07E8660011CCA3 /* EpisodesView.swift */; };
		5250A4722B07E9A30011CCA3 /* FavouritesViewController.swift in Sources */ = {isa = PBXBuildFile; fileRef = 5250A4712B07E9A30011CCA3 /* FavouritesViewController.swift */; };
		5250A4762B07EBB40011CCA3 /* FavouritesView.swift in Sources */ = {isa = PBXBuildFile; fileRef = 5250A4752B07EBB40011CCA3 /* FavouritesView.swift */; };
		5250A4782B07F5260011CCA3 /* Extension_UIStackView.swift in Sources */ = {isa = PBXBuildFile; fileRef = 5250A4772B07F5260011CCA3 /* Extension_UIStackView.swift */; };
		5250A47A2B0808310011CCA3 /* EpisodesCollectionViewCell.swift in Sources */ = {isa = PBXBuildFile; fileRef = 5250A4792B0808310011CCA3 /* EpisodesCollectionViewCell.swift */; };
		5250A47C2B081C6D0011CCA3 /* CharacterDetailsViewController.swift in Sources */ = {isa = PBXBuildFile; fileRef = 5250A47B2B081C6D0011CCA3 /* CharacterDetailsViewController.swift */; };
		5250A47E2B081C8C0011CCA3 /* CharacterDetailsView.swift in Sources */ = {isa = PBXBuildFile; fileRef = 5250A47D2B081C8C0011CCA3 /* CharacterDetailsView.swift */; };
		5250A4802B0945630011CCA3 /* DetailsTableViewCell.swift in Sources */ = {isa = PBXBuildFile; fileRef = 5250A47F2B0945630011CCA3 /* DetailsTableViewCell.swift */; };
		5250A4822B0947690011CCA3 /* HeaderDetailsTabel.swift in Sources */ = {isa = PBXBuildFile; fileRef = 5250A4812B0947690011CCA3 /* HeaderDetailsTabel.swift */; };
		5250A4842B096FAC0011CCA3 /* LoadViewController.swift in Sources */ = {isa = PBXBuildFile; fileRef = 5250A4832B096FAC0011CCA3 /* LoadViewController.swift */; };
		5250A4862B0970140011CCA3 /* LoadView.swift in Sources */ = {isa = PBXBuildFile; fileRef = 5250A4852B0970140011CCA3 /* LoadView.swift */; };
		5250A4882B0A17050011CCA3 /* Extension_UIView.swift in Sources */ = {isa = PBXBuildFile; fileRef = 5250A4872B0A17050011CCA3 /* Extension_UIView.swift */; };
		5250A48A2B0A5CE40011CCA3 /* EpisodesFlowLayout.swift in Sources */ = {isa = PBXBuildFile; fileRef = 5250A4892B0A5CE40011CCA3 /* EpisodesFlowLayout.swift */; };
		5250A48D2B0A66230011CCA3 /* Models.swift in Sources */ = {isa = PBXBuildFile; fileRef = 5250A48C2B0A66230011CCA3 /* Models.swift */; };
		5250A48F2B0AB4C20011CCA3 /* LikeEpisodes.swift in Sources */ = {isa = PBXBuildFile; fileRef = 5250A48E2B0AB4C20011CCA3 /* LikeEpisodes.swift */; };
		52D759172B0D116C00A54CCD /* Extension_EpisodesViewController.swift in Sources */ = {isa = PBXBuildFile; fileRef = 52D759162B0D116C00A54CCD /* Extension_EpisodesViewController.swift */; };
		52D759192B0D120200A54CCD /* Extension_FavouritesViewController.swift in Sources */ = {isa = PBXBuildFile; fileRef = 52D759182B0D120200A54CCD /* Extension_FavouritesViewController.swift */; };
/* End PBXBuildFile section */

/* Begin PBXFileReference section */
		5250A4562B07E6580011CCA3 /* RickAndMortyApp.app */ = {isa = PBXFileReference; explicitFileType = wrapper.application; includeInIndex = 0; path = RickAndMortyApp.app; sourceTree = BUILT_PRODUCTS_DIR; };
		5250A4592B07E6580011CCA3 /* AppDelegate.swift */ = {isa = PBXFileReference; lastKnownFileType = sourcecode.swift; path = AppDelegate.swift; sourceTree = "<group>"; };
		5250A45B2B07E6580011CCA3 /* SceneDelegate.swift */ = {isa = PBXFileReference; lastKnownFileType = sourcecode.swift; path = SceneDelegate.swift; sourceTree = "<group>"; };
		5250A45D2B07E6580011CCA3 /* EpisodesViewController.swift */ = {isa = PBXFileReference; lastKnownFileType = sourcecode.swift; path = EpisodesViewController.swift; sourceTree = "<group>"; };
		5250A4622B07E65A0011CCA3 /* Assets.xcassets */ = {isa = PBXFileReference; lastKnownFileType = folder.assetcatalog; path = Assets.xcassets; sourceTree = "<group>"; };
		5250A4652B07E65A0011CCA3 /* Base */ = {isa = PBXFileReference; lastKnownFileType = file.storyboard; name = Base; path = Base.lproj/LaunchScreen.storyboard; sourceTree = "<group>"; };
		5250A4672B07E65A0011CCA3 /* Info.plist */ = {isa = PBXFileReference; lastKnownFileType = text.plist.xml; path = Info.plist; sourceTree = "<group>"; };
		5250A46D2B07E6C50011CCA3 /* MainTabBarController.swift */ = {isa = PBXFileReference; lastKnownFileType = sourcecode.swift; path = MainTabBarController.swift; sourceTree = "<group>"; };
		5250A46F2B07E8660011CCA3 /* EpisodesView.swift */ = {isa = PBXFileReference; lastKnownFileType = sourcecode.swift; path = EpisodesView.swift; sourceTree = "<group>"; };
		5250A4712B07E9A30011CCA3 /* FavouritesViewController.swift */ = {isa = PBXFileReference; lastKnownFileType = sourcecode.swift; path = FavouritesViewController.swift; sourceTree = "<group>"; };
		5250A4752B07EBB40011CCA3 /* FavouritesView.swift */ = {isa = PBXFileReference; lastKnownFileType = sourcecode.swift; path = FavouritesView.swift; sourceTree = "<group>"; };
		5250A4772B07F5260011CCA3 /* Extension_UIStackView.swift */ = {isa = PBXFileReference; lastKnownFileType = sourcecode.swift; path = Extension_UIStackView.swift; sourceTree = "<group>"; };
		5250A4792B0808310011CCA3 /* EpisodesCollectionViewCell.swift */ = {isa = PBXFileReference; lastKnownFileType = sourcecode.swift; path = EpisodesCollectionViewCell.swift; sourceTree = "<group>"; };
		5250A47B2B081C6D0011CCA3 /* CharacterDetailsViewController.swift */ = {isa = PBXFileReference; lastKnownFileType = sourcecode.swift; path = CharacterDetailsViewController.swift; sourceTree = "<group>"; };
		5250A47D2B081C8C0011CCA3 /* CharacterDetailsView.swift */ = {isa = PBXFileReference; lastKnownFileType = sourcecode.swift; path = CharacterDetailsView.swift; sourceTree = "<group>"; };
		5250A47F2B0945630011CCA3 /* DetailsTableViewCell.swift */ = {isa = PBXFileReference; lastKnownFileType = sourcecode.swift; path = DetailsTableViewCell.swift; sourceTree = "<group>"; };
		5250A4812B0947690011CCA3 /* HeaderDetailsTabel.swift */ = {isa = PBXFileReference; lastKnownFileType = sourcecode.swift; path = HeaderDetailsTabel.swift; sourceTree = "<group>"; };
		5250A4832B096FAC0011CCA3 /* LoadViewController.swift */ = {isa = PBXFileReference; lastKnownFileType = sourcecode.swift; path = LoadViewController.swift; sourceTree = "<group>"; };
		5250A4852B0970140011CCA3 /* LoadView.swift */ = {isa = PBXFileReference; lastKnownFileType = sourcecode.swift; path = LoadView.swift; sourceTree = "<group>"; };
		5250A4872B0A17050011CCA3 /* Extension_UIView.swift */ = {isa = PBXFileReference; lastKnownFileType = sourcecode.swift; path = Extension_UIView.swift; sourceTree = "<group>"; };
		5250A4892B0A5CE40011CCA3 /* EpisodesFlowLayout.swift */ = {isa = PBXFileReference; lastKnownFileType = sourcecode.swift; path = EpisodesFlowLayout.swift; sourceTree = "<group>"; };
		5250A48C2B0A66230011CCA3 /* Models.swift */ = {isa = PBXFileReference; lastKnownFileType = sourcecode.swift; path = Models.swift; sourceTree = "<group>"; };
		5250A48E2B0AB4C20011CCA3 /* LikeEpisodes.swift */ = {isa = PBXFileReference; lastKnownFileType = sourcecode.swift; path = LikeEpisodes.swift; sourceTree = "<group>"; };
		52D759162B0D116C00A54CCD /* Extension_EpisodesViewController.swift */ = {isa = PBXFileReference; lastKnownFileType = sourcecode.swift; path = Extension_EpisodesViewController.swift; sourceTree = "<group>"; };
		52D759182B0D120200A54CCD /* Extension_FavouritesViewController.swift */ = {isa = PBXFileReference; lastKnownFileType = sourcecode.swift; path = Extension_FavouritesViewController.swift; sourceTree = "<group>"; };
/* End PBXFileReference section */

/* Begin PBXFrameworksBuildPhase section */
		5250A4532B07E6580011CCA3 /* Frameworks */ = {
			isa = PBXFrameworksBuildPhase;
			buildActionMask = 2147483647;
			files = (
			);
			runOnlyForDeploymentPostprocessing = 0;
		};
/* End PBXFrameworksBuildPhase section */

/* Begin PBXGroup section */
		5250A44D2B07E6580011CCA3 = {
			isa = PBXGroup;
			children = (
				5250A4582B07E6580011CCA3 /* RickAndMortyApp */,
				5250A4572B07E6580011CCA3 /* Products */,
			);
			sourceTree = "<group>";
		};
		5250A4572B07E6580011CCA3 /* Products */ = {
			isa = PBXGroup;
			children = (
				5250A4562B07E6580011CCA3 /* RickAndMortyApp.app */,
			);
			name = Products;
			sourceTree = "<group>";
		};
		5250A4582B07E6580011CCA3 /* RickAndMortyApp */ = {
			isa = PBXGroup;
			children = (
				5250A4592B07E6580011CCA3 /* AppDelegate.swift */,
				5250A45B2B07E6580011CCA3 /* SceneDelegate.swift */,
				5250A48B2B0A65FC0011CCA3 /* Model */,
				5250A4742B07EB6E0011CCA3 /* View */,
				52D759152B0D112100A54CCD /* Extension */,
				5250A4732B07EB510011CCA3 /* controller */,
				5250A4622B07E65A0011CCA3 /* Assets.xcassets */,
				5250A4642B07E65A0011CCA3 /* LaunchScreen.storyboard */,
				5250A4672B07E65A0011CCA3 /* Info.plist */,
			);
			path = RickAndMortyApp;
			sourceTree = "<group>";
		};
		5250A4732B07EB510011CCA3 /* controller */ = {
			isa = PBXGroup;
			children = (
				5250A46D2B07E6C50011CCA3 /* MainTabBarController.swift */,
				5250A45D2B07E6580011CCA3 /* EpisodesViewController.swift */,
				5250A4712B07E9A30011CCA3 /* FavouritesViewController.swift */,
				5250A48E2B0AB4C20011CCA3 /* LikeEpisodes.swift */,
				5250A47B2B081C6D0011CCA3 /* CharacterDetailsViewController.swift */,
				5250A4832B096FAC0011CCA3 /* LoadViewController.swift */,
			);
			path = controller;
			sourceTree = "<group>";
		};
		5250A4742B07EB6E0011CCA3 /* View */ = {
			isa = PBXGroup;
			children = (
				5250A46F2B07E8660011CCA3 /* EpisodesView.swift */,
				5250A4752B07EBB40011CCA3 /* FavouritesView.swift */,
				5250A47D2B081C8C0011CCA3 /* CharacterDetailsView.swift */,
				5250A4792B0808310011CCA3 /* EpisodesCollectionViewCell.swift */,
				5250A47F2B0945630011CCA3 /* DetailsTableViewCell.swift */,
				5250A4812B0947690011CCA3 /* HeaderDetailsTabel.swift */,
				5250A4852B0970140011CCA3 /* LoadView.swift */,
				5250A4892B0A5CE40011CCA3 /* EpisodesFlowLayout.swift */,
			);
			path = View;
			sourceTree = "<group>";
		};
		5250A48B2B0A65FC0011CCA3 /* Model */ = {
			isa = PBXGroup;
			children = (
				5250A48C2B0A66230011CCA3 /* Models.swift */,
			);
			path = Model;
			sourceTree = "<group>";
		};
		52D759152B0D112100A54CCD /* Extension */ = {
			isa = PBXGroup;
			children = (
				5250A4772B07F5260011CCA3 /* Extension_UIStackView.swift */,
				5250A4872B0A17050011CCA3 /* Extension_UIView.swift */,
				52D759162B0D116C00A54CCD /* Extension_EpisodesViewController.swift */,
				52D759182B0D120200A54CCD /* Extension_FavouritesViewController.swift */,
			);
			path = Extension;
			sourceTree = "<group>";
		};
/* End PBXGroup section */

/* Begin PBXNativeTarget section */
		5250A4552B07E6580011CCA3 /* RickAndMortyApp */ = {
			isa = PBXNativeTarget;
			buildConfigurationList = 5250A46A2B07E65A0011CCA3 /* Build configuration list for PBXNativeTarget "RickAndMortyApp" */;
			buildPhases = (
				5250A4522B07E6580011CCA3 /* Sources */,
				5250A4532B07E6580011CCA3 /* Frameworks */,
				5250A4542B07E6580011CCA3 /* Resources */,
			);
			buildRules = (
			);
			dependencies = (
			);
			name = RickAndMortyApp;
			productName = RickAndMortyApp;
			productReference = 5250A4562B07E6580011CCA3 /* RickAndMortyApp.app */;
			productType = "com.apple.product-type.application";
		};
/* End PBXNativeTarget section */

/* Begin PBXProject section */
		5250A44E2B07E6580011CCA3 /* Project object */ = {
			isa = PBXProject;
			attributes = {
				BuildIndependentTargetsInParallel = 1;
				LastSwiftUpdateCheck = 1320;
				LastUpgradeCheck = 1320;
				TargetAttributes = {
					5250A4552B07E6580011CCA3 = {
						CreatedOnToolsVersion = 13.2.1;
					};
				};
			};
			buildConfigurationList = 5250A4512B07E6580011CCA3 /* Build configuration list for PBXProject "RickAndMortyApp" */;
			compatibilityVersion = "Xcode 13.0";
			developmentRegion = en;
			hasScannedForEncodings = 0;
			knownRegions = (
				en,
				Base,
			);
			mainGroup = 5250A44D2B07E6580011CCA3;
			productRefGroup = 5250A4572B07E6580011CCA3 /* Products */;
			projectDirPath = "";
			projectRoot = "";
			targets = (
				5250A4552B07E6580011CCA3 /* RickAndMortyApp */,
			);
		};
/* End PBXProject section */

/* Begin PBXResourcesBuildPhase section */
		5250A4542B07E6580011CCA3 /* Resources */ = {
			isa = PBXResourcesBuildPhase;
			buildActionMask = 2147483647;
			files = (
				5250A4662B07E65A0011CCA3 /* LaunchScreen.storyboard in Resources */,
				5250A4632B07E65A0011CCA3 /* Assets.xcassets in Resources */,
			);
			runOnlyForDeploymentPostprocessing = 0;
		};
/* End PBXResourcesBuildPhase section */

/* Begin PBXSourcesBuildPhase section */
		5250A4522B07E6580011CCA3 /* Sources */ = {
			isa = PBXSourcesBuildPhase;
			buildActionMask = 2147483647;
			files = (
				5250A4862B0970140011CCA3 /* LoadView.swift in Sources */,
				5250A45E2B07E6580011CCA3 /* EpisodesViewController.swift in Sources */,
				5250A4782B07F5260011CCA3 /* Extension_UIStackView.swift in Sources */,
				5250A4842B096FAC0011CCA3 /* LoadViewController.swift in Sources */,
				52D759172B0D116C00A54CCD /* Extension_EpisodesViewController.swift in Sources */,
				5250A4822B0947690011CCA3 /* HeaderDetailsTabel.swift in Sources */,
				5250A48D2B0A66230011CCA3 /* Models.swift in Sources */,
				5250A45A2B07E6580011CCA3 /* AppDelegate.swift in Sources */,
				5250A4882B0A17050011CCA3 /* Extension_UIView.swift in Sources */,
				5250A47E2B081C8C0011CCA3 /* CharacterDetailsView.swift in Sources */,
				5250A4722B07E9A30011CCA3 /* FavouritesViewController.swift in Sources */,
				5250A48F2B0AB4C20011CCA3 /* LikeEpisodes.swift in Sources */,
				5250A46E2B07E6C50011CCA3 /* MainTabBarController.swift in Sources */,
				5250A4802B0945630011CCA3 /* DetailsTableViewCell.swift in Sources */,
				5250A45C2B07E6580011CCA3 /* SceneDelegate.swift in Sources */,
				5250A47A2B0808310011CCA3 /* EpisodesCollectionViewCell.swift in Sources */,
				5250A47C2B081C6D0011CCA3 /* CharacterDetailsViewController.swift in Sources */,
				5250A48A2B0A5CE40011CCA3 /* EpisodesFlowLayout.swift in Sources */,
				5250A4762B07EBB40011CCA3 /* FavouritesView.swift in Sources */,
				52D759192B0D120200A54CCD /* Extension_FavouritesViewController.swift in Sources */,
				5250A4702B07E8660011CCA3 /* EpisodesView.swift in Sources */,
			);
			runOnlyForDeploymentPostprocessing = 0;
		};
/* End PBXSourcesBuildPhase section */

/* Begin PBXVariantGroup section */
		5250A4642B07E65A0011CCA3 /* LaunchScreen.storyboard */ = {
			isa = PBXVariantGroup;
			children = (
				5250A4652B07E65A0011CCA3 /* Base */,
			);
			name = LaunchScreen.storyboard;
			sourceTree = "<group>";
		};
/* End PBXVariantGroup section */

/* Begin XCBuildConfiguration section */
		5250A4682B07E65A0011CCA3 /* Debug */ = {
			isa = XCBuildConfiguration;
			buildSettings = {
				ALWAYS_SEARCH_USER_PATHS = NO;
				CLANG_ANALYZER_NONNULL = YES;
				CLANG_ANALYZER_NUMBER_OBJECT_CONVERSION = YES_AGGRESSIVE;
				CLANG_CXX_LANGUAGE_STANDARD = "gnu++17";
				CLANG_CXX_LIBRARY = "libc++";
				CLANG_ENABLE_MODULES = YES;
				CLANG_ENABLE_OBJC_ARC = YES;
				CLANG_ENABLE_OBJC_WEAK = YES;
				CLANG_WARN_BLOCK_CAPTURE_AUTORELEASING = YES;
				CLANG_WARN_BOOL_CONVERSION = YES;
				CLANG_WARN_COMMA = YES;
				CLANG_WARN_CONSTANT_CONVERSION = YES;
				CLANG_WARN_DEPRECATED_OBJC_IMPLEMENTATIONS = YES;
				CLANG_WARN_DIRECT_OBJC_ISA_USAGE = YES_ERROR;
				CLANG_WARN_DOCUMENTATION_COMMENTS = YES;
				CLANG_WARN_EMPTY_BODY = YES;
				CLANG_WARN_ENUM_CONVERSION = YES;
				CLANG_WARN_INFINITE_RECURSION = YES;
				CLANG_WARN_INT_CONVERSION = YES;
				CLANG_WARN_NON_LITERAL_NULL_CONVERSION = YES;
				CLANG_WARN_OBJC_IMPLICIT_RETAIN_SELF = YES;
				CLANG_WARN_OBJC_LITERAL_CONVERSION = YES;
				CLANG_WARN_OBJC_ROOT_CLASS = YES_ERROR;
				CLANG_WARN_QUOTED_INCLUDE_IN_FRAMEWORK_HEADER = YES;
				CLANG_WARN_RANGE_LOOP_ANALYSIS = YES;
				CLANG_WARN_STRICT_PROTOTYPES = YES;
				CLANG_WARN_SUSPICIOUS_MOVE = YES;
				CLANG_WARN_UNGUARDED_AVAILABILITY = YES_AGGRESSIVE;
				CLANG_WARN_UNREACHABLE_CODE = YES;
				CLANG_WARN__DUPLICATE_METHOD_MATCH = YES;
				COPY_PHASE_STRIP = NO;
				DEBUG_INFORMATION_FORMAT = dwarf;
				ENABLE_STRICT_OBJC_MSGSEND = YES;
				ENABLE_TESTABILITY = YES;
				GCC_C_LANGUAGE_STANDARD = gnu11;
				GCC_DYNAMIC_NO_PIC = NO;
				GCC_NO_COMMON_BLOCKS = YES;
				GCC_OPTIMIZATION_LEVEL = 0;
				GCC_PREPROCESSOR_DEFINITIONS = (
					"DEBUG=1",
					"$(inherited)",
				);
				GCC_WARN_64_TO_32_BIT_CONVERSION = YES;
				GCC_WARN_ABOUT_RETURN_TYPE = YES_ERROR;
				GCC_WARN_UNDECLARED_SELECTOR = YES;
				GCC_WARN_UNINITIALIZED_AUTOS = YES_AGGRESSIVE;
				GCC_WARN_UNUSED_FUNCTION = YES;
				GCC_WARN_UNUSED_VARIABLE = YES;
				IPHONEOS_DEPLOYMENT_TARGET = 15.2;
				MTL_ENABLE_DEBUG_INFO = INCLUDE_SOURCE;
				MTL_FAST_MATH = YES;
				ONLY_ACTIVE_ARCH = YES;
				SDKROOT = iphoneos;
				SWIFT_ACTIVE_COMPILATION_CONDITIONS = DEBUG;
				SWIFT_OPTIMIZATION_LEVEL = "-Onone";
			};
			name = Debug;
		};
		5250A4692B07E65A0011CCA3 /* Release */ = {
			isa = XCBuildConfiguration;
			buildSettings = {
				ALWAYS_SEARCH_USER_PATHS = NO;
				CLANG_ANALYZER_NONNULL = YES;
				CLANG_ANALYZER_NUMBER_OBJECT_CONVERSION = YES_AGGRESSIVE;
				CLANG_CXX_LANGUAGE_STANDARD = "gnu++17";
				CLANG_CXX_LIBRARY = "libc++";
				CLANG_ENABLE_MODULES = YES;
				CLANG_ENABLE_OBJC_ARC = YES;
				CLANG_ENABLE_OBJC_WEAK = YES;
				CLANG_WARN_BLOCK_CAPTURE_AUTORELEASING = YES;
				CLANG_WARN_BOOL_CONVERSION = YES;
				CLANG_WARN_COMMA = YES;
				CLANG_WARN_CONSTANT_CONVERSION = YES;
				CLANG_WARN_DEPRECATED_OBJC_IMPLEMENTATIONS = YES;
				CLANG_WARN_DIRECT_OBJC_ISA_USAGE = YES_ERROR;
				CLANG_WARN_DOCUMENTATION_COMMENTS = YES;
				CLANG_WARN_EMPTY_BODY = YES;
				CLANG_WARN_ENUM_CONVERSION = YES;
				CLANG_WARN_INFINITE_RECURSION = YES;
				CLANG_WARN_INT_CONVERSION = YES;
				CLANG_WARN_NON_LITERAL_NULL_CONVERSION = YES;
				CLANG_WARN_OBJC_IMPLICIT_RETAIN_SELF = YES;
				CLANG_WARN_OBJC_LITERAL_CONVERSION = YES;
				CLANG_WARN_OBJC_ROOT_CLASS = YES_ERROR;
				CLANG_WARN_QUOTED_INCLUDE_IN_FRAMEWORK_HEADER = YES;
				CLANG_WARN_RANGE_LOOP_ANALYSIS = YES;
				CLANG_WARN_STRICT_PROTOTYPES = YES;
				CLANG_WARN_SUSPICIOUS_MOVE = YES;
				CLANG_WARN_UNGUARDED_AVAILABILITY = YES_AGGRESSIVE;
				CLANG_WARN_UNREACHABLE_CODE = YES;
				CLANG_WARN__DUPLICATE_METHOD_MATCH = YES;
				COPY_PHASE_STRIP = NO;
				DEBUG_INFORMATION_FORMAT = "dwarf-with-dsym";
				ENABLE_NS_ASSERTIONS = NO;
				ENABLE_STRICT_OBJC_MSGSEND = YES;
				GCC_C_LANGUAGE_STANDARD = gnu11;
				GCC_NO_COMMON_BLOCKS = YES;
				GCC_WARN_64_TO_32_BIT_CONVERSION = YES;
				GCC_WARN_ABOUT_RETURN_TYPE = YES_ERROR;
				GCC_WARN_UNDECLARED_SELECTOR = YES;
				GCC_WARN_UNINITIALIZED_AUTOS = YES_AGGRESSIVE;
				GCC_WARN_UNUSED_FUNCTION = YES;
				GCC_WARN_UNUSED_VARIABLE = YES;
				IPHONEOS_DEPLOYMENT_TARGET = 15.2;
				MTL_ENABLE_DEBUG_INFO = NO;
				MTL_FAST_MATH = YES;
				SDKROOT = iphoneos;
				SWIFT_COMPILATION_MODE = wholemodule;
				SWIFT_OPTIMIZATION_LEVEL = "-O";
				VALIDATE_PRODUCT = YES;
			};
			name = Release;
		};
		5250A46B2B07E65A0011CCA3 /* Debug */ = {
			isa = XCBuildConfiguration;
			buildSettings = {
				ASSETCATALOG_COMPILER_APPICON_NAME = AppIcon;
				ASSETCATALOG_COMPILER_GLOBAL_ACCENT_COLOR_NAME = AccentColor;
				CODE_SIGN_STYLE = Automatic;
				CURRENT_PROJECT_VERSION = 1;
				GENERATE_INFOPLIST_FILE = YES;
				INFOPLIST_FILE = RickAndMortyApp/Info.plist;
				INFOPLIST_KEY_UIApplicationSupportsIndirectInputEvents = YES;
				INFOPLIST_KEY_UILaunchStoryboardName = LaunchScreen;
				INFOPLIST_KEY_UISupportedInterfaceOrientations_iPad = "UIInterfaceOrientationPortrait UIInterfaceOrientationPortraitUpsideDown UIInterfaceOrientationLandscapeLeft UIInterfaceOrientationLandscapeRight";
				INFOPLIST_KEY_UISupportedInterfaceOrientations_iPhone = "UIInterfaceOrientationPortrait UIInterfaceOrientationLandscapeLeft UIInterfaceOrientationLandscapeRight";
				LD_RUNPATH_SEARCH_PATHS = (
					"$(inherited)",
					"@executable_path/Frameworks",
				);
				MARKETING_VERSION = 1.0;
				PRODUCT_BUNDLE_IDENTIFIER = AS.RickAndMortyApp;
				PRODUCT_NAME = "$(TARGET_NAME)";
				SWIFT_EMIT_LOC_STRINGS = YES;
				SWIFT_VERSION = 5.0;
				TARGETED_DEVICE_FAMILY = "1,2";
			};
			name = Debug;
		};
		5250A46C2B07E65A0011CCA3 /* Release */ = {
			isa = XCBuildConfiguration;
			buildSettings = {
				ASSETCATALOG_COMPILER_APPICON_NAME = AppIcon;
				ASSETCATALOG_COMPILER_GLOBAL_ACCENT_COLOR_NAME = AccentColor;
				CODE_SIGN_STYLE = Automatic;
				CURRENT_PROJECT_VERSION = 1;
				GENERATE_INFOPLIST_FILE = YES;
				INFOPLIST_FILE = RickAndMortyApp/Info.plist;
				INFOPLIST_KEY_UIApplicationSupportsIndirectInputEvents = YES;
				INFOPLIST_KEY_UILaunchStoryboardName = LaunchScreen;
				INFOPLIST_KEY_UISupportedInterfaceOrientations_iPad = "UIInterfaceOrientationPortrait UIInterfaceOrientationPortraitUpsideDown UIInterfaceOrientationLandscapeLeft UIInterfaceOrientationLandscapeRight";
				INFOPLIST_KEY_UISupportedInterfaceOrientations_iPhone = "UIInterfaceOrientationPortrait UIInterfaceOrientationLandscapeLeft UIInterfaceOrientationLandscapeRight";
				LD_RUNPATH_SEARCH_PATHS = (
					"$(inherited)",
					"@executable_path/Frameworks",
				);
				MARKETING_VERSION = 1.0;
				PRODUCT_BUNDLE_IDENTIFIER = AS.RickAndMortyApp;
				PRODUCT_NAME = "$(TARGET_NAME)";
				SWIFT_EMIT_LOC_STRINGS = YES;
				SWIFT_VERSION = 5.0;
				TARGETED_DEVICE_FAMILY = "1,2";
			};
			name = Release;
		};
/* End XCBuildConfiguration section */

/* Begin XCConfigurationList section */
		5250A4512B07E6580011CCA3 /* Build configuration list for PBXProject "RickAndMortyApp" */ = {
			isa = XCConfigurationList;
			buildConfigurations = (
				5250A4682B07E65A0011CCA3 /* Debug */,
				5250A4692B07E65A0011CCA3 /* Release */,
			);
			defaultConfigurationIsVisible = 0;
			defaultConfigurationName = Release;
		};
		5250A46A2B07E65A0011CCA3 /* Build configuration list for PBXNativeTarget "RickAndMortyApp" */ = {
			isa = XCConfigurationList;
			buildConfigurations = (
				5250A46B2B07E65A0011CCA3 /* Debug */,
				5250A46C2B07E65A0011CCA3 /* Release */,
			);
			defaultConfigurationIsVisible = 0;
			defaultConfigurationName = Release;
		};
/* End XCConfigurationList section */
	};
	rootObject = 5250A44E2B07E6580011CCA3 /* Project object */;
}
